// !$*UTF8*$!
{
	archiveVersion = 1;
	classes = {
	};
	objectVersion = 46;
	objects = {

/* Begin PBXBuildFile section */
		84164A5E1FBDA524000C5667 /* FGView.m in Sources */ = {isa = PBXBuildFile; fileRef = 84164A5D1FBDA524000C5667 /* FGView.m */; };
		84D852161D1D080700C27106 /* black_1.png in Resources */ = {isa = PBXBuildFile; fileRef = 84D851FA1D1D080700C27106 /* black_1.png */; };
		84D852171D1D080700C27106 /* black.png in Resources */ = {isa = PBXBuildFile; fileRef = 84D851FB1D1D080700C27106 /* black.png */; };
		84D852181D1D080700C27106 /* blue_1.png in Resources */ = {isa = PBXBuildFile; fileRef = 84D851FC1D1D080700C27106 /* blue_1.png */; };
		84D852191D1D080700C27106 /* blue.png in Resources */ = {isa = PBXBuildFile; fileRef = 84D851FD1D1D080700C27106 /* blue.png */; };
		84D8521A1D1D080700C27106 /* color_2.png in Resources */ = {isa = PBXBuildFile; fileRef = 84D851FE1D1D080700C27106 /* color_2.png */; };
		84D8521B1D1D080700C27106 /* color_3.png in Resources */ = {isa = PBXBuildFile; fileRef = 84D851FF1D1D080700C27106 /* color_3.png */; };
		84D8521C1D1D080700C27106 /* delete.png in Resources */ = {isa = PBXBuildFile; fileRef = 84D852001D1D080700C27106 /* delete.png */; };
		84D8521D1D1D080700C27106 /* eraser_1.png in Resources */ = {isa = PBXBuildFile; fileRef = 84D852011D1D080700C27106 /* eraser_1.png */; };
		84D8521E1D1D080700C27106 /* eraser.png in Resources */ = {isa = PBXBuildFile; fileRef = 84D852021D1D080700C27106 /* eraser.png */; };
		84D8521F1D1D080700C27106 /* ic_back_dark.png in Resources */ = {isa = PBXBuildFile; fileRef = 84D852031D1D080700C27106 /* ic_back_dark.png */; };
		84D852201D1D080700C27106 /* icon_clear_press.png in Resources */ = {isa = PBXBuildFile; fileRef = 84D852041D1D080700C27106 /* icon_clear_press.png */; };
		84D852211D1D080700C27106 /* icon_clear.png in Resources */ = {isa = PBXBuildFile; fileRef = 84D852051D1D080700C27106 /* icon_clear.png */; };
		84D852221D1D080700C27106 /* icon_daxiao1_xuan.png in Resources */ = {isa = PBXBuildFile; fileRef = 84D852061D1D080700C27106 /* icon_daxiao1_xuan.png */; };
		84D852231D1D080700C27106 /* icon_daxiao1.png in Resources */ = {isa = PBXBuildFile; fileRef = 84D852071D1D080700C27106 /* icon_daxiao1.png */; };
		84D852241D1D080700C27106 /* icon_daxiao2_xuan.png in Resources */ = {isa = PBXBuildFile; fileRef = 84D852081D1D080700C27106 /* icon_daxiao2_xuan.png */; };
		84D852251D1D080700C27106 /* icon_daxiao2.png in Resources */ = {isa = PBXBuildFile; fileRef = 84D852091D1D080700C27106 /* icon_daxiao2.png */; };
		84D852261D1D080700C27106 /* icon_daxiao3_xuan.png in Resources */ = {isa = PBXBuildFile; fileRef = 84D8520A1D1D080700C27106 /* icon_daxiao3_xuan.png */; };
		84D852271D1D080700C27106 /* icon_daxiao3.png in Resources */ = {isa = PBXBuildFile; fileRef = 84D8520B1D1D080700C27106 /* icon_daxiao3.png */; };
		84D852281D1D080700C27106 /* icon_macaic_xuan.png in Resources */ = {isa = PBXBuildFile; fileRef = 84D8520C1D1D080700C27106 /* icon_macaic_xuan.png */; };
		84D852291D1D080700C27106 /* icon_macaic.png in Resources */ = {isa = PBXBuildFile; fileRef = 84D8520D1D1D080700C27106 /* icon_macaic.png */; };
		84D8522A1D1D080700C27106 /* icon_more.png in Resources */ = {isa = PBXBuildFile; fileRef = 84D8520E1D1D080700C27106 /* icon_more.png */; };
		84D8522B1D1D080700C27106 /* icon_save_press.png in Resources */ = {isa = PBXBuildFile; fileRef = 84D8520F1D1D080700C27106 /* icon_save_press.png */; };
		84D8522C1D1D080700C27106 /* icon_save.png in Resources */ = {isa = PBXBuildFile; fileRef = 84D852101D1D080700C27106 /* icon_save.png */; };
		84D8522D1D1D080700C27106 /* icon_shedingditu_press.png in Resources */ = {isa = PBXBuildFile; fileRef = 84D852111D1D080700C27106 /* icon_shedingditu_press.png */; };
		84D8522E1D1D080700C27106 /* icon_shedingditu.png in Resources */ = {isa = PBXBuildFile; fileRef = 84D852121D1D080700C27106 /* icon_shedingditu.png */; };
		84D8522F1D1D080700C27106 /* meather.jpeg in Resources */ = {isa = PBXBuildFile; fileRef = 84D852131D1D080700C27106 /* meather.jpeg */; };
		84D852301D1D080700C27106 /* red_1.png in Resources */ = {isa = PBXBuildFile; fileRef = 84D852141D1D080700C27106 /* red_1.png */; };
		84D852311D1D080700C27106 /* red.png in Resources */ = {isa = PBXBuildFile; fileRef = 84D852151D1D080700C27106 /* red.png */; };
		84D852451D1D082200C27106 /* FGColorSelectionButton.m in Sources */ = {isa = PBXBuildFile; fileRef = 84D852341D1D082200C27106 /* FGColorSelectionButton.m */; };
		84D852461D1D082200C27106 /* FGColourView.m in Sources */ = {isa = PBXBuildFile; fileRef = 84D852361D1D082200C27106 /* FGColourView.m */; };
		84D852471D1D082200C27106 /* FGConfigManager.m in Sources */ = {isa = PBXBuildFile; fileRef = 84D852381D1D082200C27106 /* FGConfigManager.m */; };
		84D852481D1D082200C27106 /* FGInkLine.m in Sources */ = {isa = PBXBuildFile; fileRef = 84D8523A1D1D082200C27106 /* FGInkLine.m */; };
		84D852491D1D082200C27106 /* FGNavigationItem.m in Sources */ = {isa = PBXBuildFile; fileRef = 84D8523C1D1D082200C27106 /* FGNavigationItem.m */; };
		84D8524A1D1D082200C27106 /* FGPageNormalView.m in Sources */ = {isa = PBXBuildFile; fileRef = 84D8523E1D1D082200C27106 /* FGPageNormalView.m */; };
		84D8524B1D1D082200C27106 /* FGScratchImageView.m in Sources */ = {isa = PBXBuildFile; fileRef = 84D852401D1D082200C27106 /* FGScratchImageView.m */; };
		84D8524C1D1D082200C27106 /* FGScratchView.m in Sources */ = {isa = PBXBuildFile; fileRef = 84D852421D1D082200C27106 /* FGScratchView.m */; };
		84D8524D1D1D082200C27106 /* FGTabbarView.m in Sources */ = {isa = PBXBuildFile; fileRef = 84D852441D1D082200C27106 /* FGTabbarView.m */; };
		84D852531D1D083700C27106 /* FGAboutViewController.m in Sources */ = {isa = PBXBuildFile; fileRef = 84D8524F1D1D083700C27106 /* FGAboutViewController.m */; };
		84D852541D1D083700C27106 /* FGAboutViewController.xib in Resources */ = {isa = PBXBuildFile; fileRef = 84D852501D1D083700C27106 /* FGAboutViewController.xib */; };
		84D852551D1D083700C27106 /* ViewController.m in Sources */ = {isa = PBXBuildFile; fileRef = 84D852521D1D083700C27106 /* ViewController.m */; };
		84D852581D1D0BAC00C27106 /* E_HUDView.m in Sources */ = {isa = PBXBuildFile; fileRef = 84D852571D1D0BAC00C27106 /* E_HUDView.m */; };
		84F7D3C91CE1C4B800528926 /* main.m in Sources */ = {isa = PBXBuildFile; fileRef = 84F7D3C81CE1C4B800528926 /* main.m */; };
		84F7D3CC1CE1C4B800528926 /* AppDelegate.m in Sources */ = {isa = PBXBuildFile; fileRef = 84F7D3CB1CE1C4B800528926 /* AppDelegate.m */; };
		84F7D3D21CE1C4B800528926 /* Main.storyboard in Resources */ = {isa = PBXBuildFile; fileRef = 84F7D3D01CE1C4B800528926 /* Main.storyboard */; };
		84F7D3D41CE1C4B800528926 /* Assets.xcassets in Resources */ = {isa = PBXBuildFile; fileRef = 84F7D3D31CE1C4B800528926 /* Assets.xcassets */; };
		84F7D3D71CE1C4B800528926 /* LaunchScreen.storyboard in Resources */ = {isa = PBXBuildFile; fileRef = 84F7D3D51CE1C4B800528926 /* LaunchScreen.storyboard */; };
		84F7D3E21CE1C4B800528926 /* FGDrawingBoardTests.m in Sources */ = {isa = PBXBuildFile; fileRef = 84F7D3E11CE1C4B800528926 /* FGDrawingBoardTests.m */; };
		84F7D3ED1CE1C4B800528926 /* FGDrawingBoardUITests.m in Sources */ = {isa = PBXBuildFile; fileRef = 84F7D3EC1CE1C4B800528926 /* FGDrawingBoardUITests.m */; };
		84F7D4071CE2DB6700528926 /* FGButtonModel.m in Sources */ = {isa = PBXBuildFile; fileRef = 84F7D4061CE2DB6700528926 /* FGButtonModel.m */; };
/* End PBXBuildFile section */

/* Begin PBXContainerItemProxy section */
		84F7D3DE1CE1C4B800528926 /* PBXContainerItemProxy */ = {
			isa = PBXContainerItemProxy;
			containerPortal = 84F7D3BC1CE1C4B800528926 /* Project object */;
			proxyType = 1;
			remoteGlobalIDString = 84F7D3C31CE1C4B800528926;
			remoteInfo = FGDrawingBoard;
		};
		84F7D3E91CE1C4B800528926 /* PBXContainerItemProxy */ = {
			isa = PBXContainerItemProxy;
			containerPortal = 84F7D3BC1CE1C4B800528926 /* Project object */;
			proxyType = 1;
			remoteGlobalIDString = 84F7D3C31CE1C4B800528926;
			remoteInfo = FGDrawingBoard;
		};
/* End PBXContainerItemProxy section */

/* Begin PBXFileReference section */
		84164A5C1FBDA524000C5667 /* FGView.h */ = {isa = PBXFileReference; lastKnownFileType = sourcecode.c.h; path = FGView.h; sourceTree = "<group>"; };
		84164A5D1FBDA524000C5667 /* FGView.m */ = {isa = PBXFileReference; lastKnownFileType = sourcecode.c.objc; path = FGView.m; sourceTree = "<group>"; };
		84D851FA1D1D080700C27106 /* black_1.png */ = {isa = PBXFileReference; lastKnownFileType = image.png; name = black_1.png; path = image/black_1.png; sourceTree = "<group>"; };
		84D851FB1D1D080700C27106 /* black.png */ = {isa = PBXFileReference; lastKnownFileType = image.png; name = black.png; path = image/black.png; sourceTree = "<group>"; };
		84D851FC1D1D080700C27106 /* blue_1.png */ = {isa = PBXFileReference; lastKnownFileType = image.png; name = blue_1.png; path = image/blue_1.png; sourceTree = "<group>"; };
		84D851FD1D1D080700C27106 /* blue.png */ = {isa = PBXFileReference; lastKnownFileType = image.png; name = blue.png; path = image/blue.png; sourceTree = "<group>"; };
		84D851FE1D1D080700C27106 /* color_2.png */ = {isa = PBXFileReference; lastKnownFileType = image.png; name = color_2.png; path = image/color_2.png; sourceTree = "<group>"; };
		84D851FF1D1D080700C27106 /* color_3.png */ = {isa = PBXFileReference; lastKnownFileType = image.png; name = color_3.png; path = image/color_3.png; sourceTree = "<group>"; };
		84D852001D1D080700C27106 /* delete.png */ = {isa = PBXFileReference; lastKnownFileType = image.png; name = delete.png; path = image/delete.png; sourceTree = "<group>"; };
		84D852011D1D080700C27106 /* eraser_1.png */ = {isa = PBXFileReference; lastKnownFileType = image.png; name = eraser_1.png; path = image/eraser_1.png; sourceTree = "<group>"; };
		84D852021D1D080700C27106 /* eraser.png */ = {isa = PBXFileReference; lastKnownFileType = image.png; name = eraser.png; path = image/eraser.png; sourceTree = "<group>"; };
		84D852031D1D080700C27106 /* ic_back_dark.png */ = {isa = PBXFileReference; lastKnownFileType = image.png; name = ic_back_dark.png; path = image/ic_back_dark.png; sourceTree = "<group>"; };
		84D852041D1D080700C27106 /* icon_clear_press.png */ = {isa = PBXFileReference; lastKnownFileType = image.png; name = icon_clear_press.png; path = image/icon_clear_press.png; sourceTree = "<group>"; };
		84D852051D1D080700C27106 /* icon_clear.png */ = {isa = PBXFileReference; lastKnownFileType = image.png; name = icon_clear.png; path = image/icon_clear.png; sourceTree = "<group>"; };
		84D852061D1D080700C27106 /* icon_daxiao1_xuan.png */ = {isa = PBXFileReference; lastKnownFileType = image.png; name = icon_daxiao1_xuan.png; path = image/icon_daxiao1_xuan.png; sourceTree = "<group>"; };
		84D852071D1D080700C27106 /* icon_daxiao1.png */ = {isa = PBXFileReference; lastKnownFileType = image.png; name = icon_daxiao1.png; path = image/icon_daxiao1.png; sourceTree = "<group>"; };
		84D852081D1D080700C27106 /* icon_daxiao2_xuan.png */ = {isa = PBXFileReference; lastKnownFileType = image.png; name = icon_daxiao2_xuan.png; path = image/icon_daxiao2_xuan.png; sourceTree = "<group>"; };
		84D852091D1D080700C27106 /* icon_daxiao2.png */ = {isa = PBXFileReference; lastKnownFileType = image.png; name = icon_daxiao2.png; path = image/icon_daxiao2.png; sourceTree = "<group>"; };
		84D8520A1D1D080700C27106 /* icon_daxiao3_xuan.png */ = {isa = PBXFileReference; lastKnownFileType = image.png; name = icon_daxiao3_xuan.png; path = image/icon_daxiao3_xuan.png; sourceTree = "<group>"; };
		84D8520B1D1D080700C27106 /* icon_daxiao3.png */ = {isa = PBXFileReference; lastKnownFileType = image.png; name = icon_daxiao3.png; path = image/icon_daxiao3.png; sourceTree = "<group>"; };
		84D8520C1D1D080700C27106 /* icon_macaic_xuan.png */ = {isa = PBXFileReference; lastKnownFileType = image.png; name = icon_macaic_xuan.png; path = image/icon_macaic_xuan.png; sourceTree = "<group>"; };
		84D8520D1D1D080700C27106 /* icon_macaic.png */ = {isa = PBXFileReference; lastKnownFileType = image.png; name = icon_macaic.png; path = image/icon_macaic.png; sourceTree = "<group>"; };
		84D8520E1D1D080700C27106 /* icon_more.png */ = {isa = PBXFileReference; lastKnownFileType = image.png; name = icon_more.png; path = image/icon_more.png; sourceTree = "<group>"; };
		84D8520F1D1D080700C27106 /* icon_save_press.png */ = {isa = PBXFileReference; lastKnownFileType = image.png; name = icon_save_press.png; path = image/icon_save_press.png; sourceTree = "<group>"; };
		84D852101D1D080700C27106 /* icon_save.png */ = {isa = PBXFileReference; lastKnownFileType = image.png; name = icon_save.png; path = image/icon_save.png; sourceTree = "<group>"; };
		84D852111D1D080700C27106 /* icon_shedingditu_press.png */ = {isa = PBXFileReference; lastKnownFileType = image.png; name = icon_shedingditu_press.png; path = image/icon_shedingditu_press.png; sourceTree = "<group>"; };
		84D852121D1D080700C27106 /* icon_shedingditu.png */ = {isa = PBXFileReference; lastKnownFileType = image.png; name = icon_shedingditu.png; path = image/icon_shedingditu.png; sourceTree = "<group>"; };
		84D852131D1D080700C27106 /* meather.jpeg */ = {isa = PBXFileReference; lastKnownFileType = image.jpeg; name = meather.jpeg; path = image/meather.jpeg; sourceTree = "<group>"; };
		84D852141D1D080700C27106 /* red_1.png */ = {isa = PBXFileReference; lastKnownFileType = image.png; name = red_1.png; path = image/red_1.png; sourceTree = "<group>"; };
		84D852151D1D080700C27106 /* red.png */ = {isa = PBXFileReference; lastKnownFileType = image.png; name = red.png; path = image/red.png; sourceTree = "<group>"; };
		84D852321D1D082200C27106 /* Alldefined.h */ = {isa = PBXFileReference; fileEncoding = 4; lastKnownFileType = sourcecode.c.h; name = Alldefined.h; path = tool/Alldefined.h; sourceTree = "<group>"; };
		84D852331D1D082200C27106 /* FGColorSelectionButton.h */ = {isa = PBXFileReference; fileEncoding = 4; lastKnownFileType = sourcecode.c.h; name = FGColorSelectionButton.h; path = tool/FGColorSelectionButton.h; sourceTree = "<group>"; };
		84D852341D1D082200C27106 /* FGColorSelectionButton.m */ = {isa = PBXFileReference; fileEncoding = 4; lastKnownFileType = sourcecode.c.objc; name = FGColorSelectionButton.m; path = tool/FGColorSelectionButton.m; sourceTree = "<group>"; };
		84D852351D1D082200C27106 /* FGColourView.h */ = {isa = PBXFileReference; fileEncoding = 4; lastKnownFileType = sourcecode.c.h; name = FGColourView.h; path = tool/FGColourView.h; sourceTree = "<group>"; };
		84D852361D1D082200C27106 /* FGColourView.m */ = {isa = PBXFileReference; fileEncoding = 4; lastKnownFileType = sourcecode.c.objc; name = FGColourView.m; path = tool/FGColourView.m; sourceTree = "<group>"; };
		84D852371D1D082200C27106 /* FGConfigManager.h */ = {isa = PBXFileReference; fileEncoding = 4; lastKnownFileType = sourcecode.c.h; name = FGConfigManager.h; path = tool/FGConfigManager.h; sourceTree = "<group>"; };
		84D852381D1D082200C27106 /* FGConfigManager.m */ = {isa = PBXFileReference; fileEncoding = 4; lastKnownFileType = sourcecode.c.objc; name = FGConfigManager.m; path = tool/FGConfigManager.m; sourceTree = "<group>"; };
		84D852391D1D082200C27106 /* FGInkLine.h */ = {isa = PBXFileReference; fileEncoding = 4; lastKnownFileType = sourcecode.c.h; name = FGInkLine.h; path = tool/FGInkLine.h; sourceTree = "<group>"; };
		84D8523A1D1D082200C27106 /* FGInkLine.m */ = {isa = PBXFileReference; fileEncoding = 4; lastKnownFileType = sourcecode.c.objc; name = FGInkLine.m; path = tool/FGInkLine.m; sourceTree = "<group>"; };
		84D8523B1D1D082200C27106 /* FGNavigationItem.h */ = {isa = PBXFileReference; fileEncoding = 4; lastKnownFileType = sourcecode.c.h; name = FGNavigationItem.h; path = tool/FGNavigationItem.h; sourceTree = "<group>"; };
		84D8523C1D1D082200C27106 /* FGNavigationItem.m */ = {isa = PBXFileReference; fileEncoding = 4; lastKnownFileType = sourcecode.c.objc; name = FGNavigationItem.m; path = tool/FGNavigationItem.m; sourceTree = "<group>"; };
		84D8523D1D1D082200C27106 /* FGPageNormalView.h */ = {isa = PBXFileReference; fileEncoding = 4; lastKnownFileType = sourcecode.c.h; name = FGPageNormalView.h; path = tool/FGPageNormalView.h; sourceTree = "<group>"; };
		84D8523E1D1D082200C27106 /* FGPageNormalView.m */ = {isa = PBXFileReference; fileEncoding = 4; lastKnownFileType = sourcecode.c.objc; name = FGPageNormalView.m; path = tool/FGPageNormalView.m; sourceTree = "<group>"; };
		84D8523F1D1D082200C27106 /* FGScratchImageView.h */ = {isa = PBXFileReference; fileEncoding = 4; lastKnownFileType = sourcecode.c.h; name = FGScratchImageView.h; path = tool/FGScratchImageView.h; sourceTree = "<group>"; };
		84D852401D1D082200C27106 /* FGScratchImageView.m */ = {isa = PBXFileReference; fileEncoding = 4; lastKnownFileType = sourcecode.c.objc; name = FGScratchImageView.m; path = tool/FGScratchImageView.m; sourceTree = "<group>"; };
		84D852411D1D082200C27106 /* FGScratchView.h */ = {isa = PBXFileReference; fileEncoding = 4; lastKnownFileType = sourcecode.c.h; name = FGScratchView.h; path = tool/FGScratchView.h; sourceTree = "<group>"; };
		84D852421D1D082200C27106 /* FGScratchView.m */ = {isa = PBXFileReference; fileEncoding = 4; lastKnownFileType = sourcecode.c.objc; name = FGScratchView.m; path = tool/FGScratchView.m; sourceTree = "<group>"; };
		84D852431D1D082200C27106 /* FGTabbarView.h */ = {isa = PBXFileReference; fileEncoding = 4; lastKnownFileType = sourcecode.c.h; name = FGTabbarView.h; path = tool/FGTabbarView.h; sourceTree = "<group>"; };
		84D852441D1D082200C27106 /* FGTabbarView.m */ = {isa = PBXFileReference; fileEncoding = 4; lastKnownFileType = sourcecode.c.objc; name = FGTabbarView.m; path = tool/FGTabbarView.m; sourceTree = "<group>"; };
		84D8524E1D1D083700C27106 /* FGAboutViewController.h */ = {isa = PBXFileReference; fileEncoding = 4; lastKnownFileType = sourcecode.c.h; name = FGAboutViewController.h; path = viewController/FGAboutViewController.h; sourceTree = "<group>"; };
		84D8524F1D1D083700C27106 /* FGAboutViewController.m */ = {isa = PBXFileReference; fileEncoding = 4; lastKnownFileType = sourcecode.c.objc; name = FGAboutViewController.m; path = viewController/FGAboutViewController.m; sourceTree = "<group>"; };
		84D852501D1D083700C27106 /* FGAboutViewController.xib */ = {isa = PBXFileReference; fileEncoding = 4; lastKnownFileType = file.xib; name = FGAboutViewController.xib; path = viewController/FGAboutViewController.xib; sourceTree = "<group>"; };
		84D852511D1D083700C27106 /* ViewController.h */ = {isa = PBXFileReference; fileEncoding = 4; lastKnownFileType = sourcecode.c.h; name = ViewController.h; path = viewController/ViewController.h; sourceTree = "<group>"; };
		84D852521D1D083700C27106 /* ViewController.m */ = {isa = PBXFileReference; fileEncoding = 4; lastKnownFileType = sourcecode.c.objc; name = ViewController.m; path = viewController/ViewController.m; sourceTree = "<group>"; };
		84D852561D1D0BAC00C27106 /* E_HUDView.h */ = {isa = PBXFileReference; fileEncoding = 4; lastKnownFileType = sourcecode.c.h; name = E_HUDView.h; path = tool/E_HUDView.h; sourceTree = "<group>"; };
		84D852571D1D0BAC00C27106 /* E_HUDView.m */ = {isa = PBXFileReference; fileEncoding = 4; lastKnownFileType = sourcecode.c.objc; name = E_HUDView.m; path = tool/E_HUDView.m; sourceTree = "<group>"; };
		84F7D3C41CE1C4B800528926 /* FGDrawingBoard.app */ = {isa = PBXFileReference; explicitFileType = wrapper.application; includeInIndex = 0; path = FGDrawingBoard.app; sourceTree = BUILT_PRODUCTS_DIR; };
		84F7D3C81CE1C4B800528926 /* main.m */ = {isa = PBXFileReference; lastKnownFileType = sourcecode.c.objc; path = main.m; sourceTree = "<group>"; };
		84F7D3CA1CE1C4B800528926 /* AppDelegate.h */ = {isa = PBXFileReference; lastKnownFileType = sourcecode.c.h; path = AppDelegate.h; sourceTree = "<group>"; };
		84F7D3CB1CE1C4B800528926 /* AppDelegate.m */ = {isa = PBXFileReference; lastKnownFileType = sourcecode.c.objc; path = AppDelegate.m; sourceTree = "<group>"; };
		84F7D3D11CE1C4B800528926 /* Base */ = {isa = PBXFileReference; lastKnownFileType = file.storyboard; name = Base; path = Base.lproj/Main.storyboard; sourceTree = "<group>"; };
		84F7D3D31CE1C4B800528926 /* Assets.xcassets */ = {isa = PBXFileReference; lastKnownFileType = folder.assetcatalog; path = Assets.xcassets; sourceTree = "<group>"; };
		84F7D3D61CE1C4B800528926 /* Base */ = {isa = PBXFileReference; lastKnownFileType = file.storyboard; name = Base; path = Base.lproj/LaunchScreen.storyboard; sourceTree = "<group>"; };
		84F7D3D81CE1C4B800528926 /* Info.plist */ = {isa = PBXFileReference; lastKnownFileType = text.plist.xml; path = Info.plist; sourceTree = "<group>"; };
		84F7D3DD1CE1C4B800528926 /* FGDrawingBoardTests.xctest */ = {isa = PBXFileReference; explicitFileType = wrapper.cfbundle; includeInIndex = 0; path = FGDrawingBoardTests.xctest; sourceTree = BUILT_PRODUCTS_DIR; };
		84F7D3E11CE1C4B800528926 /* FGDrawingBoardTests.m */ = {isa = PBXFileReference; lastKnownFileType = sourcecode.c.objc; path = FGDrawingBoardTests.m; sourceTree = "<group>"; };
		84F7D3E31CE1C4B800528926 /* Info.plist */ = {isa = PBXFileReference; lastKnownFileType = text.plist.xml; path = Info.plist; sourceTree = "<group>"; };
		84F7D3E81CE1C4B800528926 /* FGDrawingBoardUITests.xctest */ = {isa = PBXFileReference; explicitFileType = wrapper.cfbundle; includeInIndex = 0; path = FGDrawingBoardUITests.xctest; sourceTree = BUILT_PRODUCTS_DIR; };
		84F7D3EC1CE1C4B800528926 /* FGDrawingBoardUITests.m */ = {isa = PBXFileReference; lastKnownFileType = sourcecode.c.objc; path = FGDrawingBoardUITests.m; sourceTree = "<group>"; };
		84F7D3EE1CE1C4B800528926 /* Info.plist */ = {isa = PBXFileReference; lastKnownFileType = text.plist.xml; path = Info.plist; sourceTree = "<group>"; };
		84F7D4051CE2DB6700528926 /* FGButtonModel.h */ = {isa = PBXFileReference; fileEncoding = 4; lastKnownFileType = sourcecode.c.h; path = FGButtonModel.h; sourceTree = "<group>"; };
		84F7D4061CE2DB6700528926 /* FGButtonModel.m */ = {isa = PBXFileReference; fileEncoding = 4; lastKnownFileType = sourcecode.c.objc; path = FGButtonModel.m; sourceTree = "<group>"; };
/* End PBXFileReference section */

/* Begin PBXFrameworksBuildPhase section */
		84F7D3C11CE1C4B800528926 /* Frameworks */ = {
			isa = PBXFrameworksBuildPhase;
			buildActionMask = 2147483647;
			files = (
			);
			runOnlyForDeploymentPostprocessing = 0;
		};
		84F7D3DA1CE1C4B800528926 /* Frameworks */ = {
			isa = PBXFrameworksBuildPhase;
			buildActionMask = 2147483647;
			files = (
			);
			runOnlyForDeploymentPostprocessing = 0;
		};
		84F7D3E51CE1C4B800528926 /* Frameworks */ = {
			isa = PBXFrameworksBuildPhase;
			buildActionMask = 2147483647;
			files = (
			);
			runOnlyForDeploymentPostprocessing = 0;
		};
/* End PBXFrameworksBuildPhase section */

/* Begin PBXGroup section */
		84F7D3BB1CE1C4B800528926 = {
			isa = PBXGroup;
			children = (
				84F7D3C61CE1C4B800528926 /* FGDrawingBoard */,
				84F7D3E01CE1C4B800528926 /* FGDrawingBoardTests */,
				84F7D3EB1CE1C4B800528926 /* FGDrawingBoardUITests */,
				84F7D3C51CE1C4B800528926 /* Products */,
			);
			sourceTree = "<group>";
		};
		84F7D3C51CE1C4B800528926 /* Products */ = {
			isa = PBXGroup;
			children = (
				84F7D3C41CE1C4B800528926 /* FGDrawingBoard.app */,
				84F7D3DD1CE1C4B800528926 /* FGDrawingBoardTests.xctest */,
				84F7D3E81CE1C4B800528926 /* FGDrawingBoardUITests.xctest */,
			);
			name = Products;
			sourceTree = "<group>";
		};
		84F7D3C61CE1C4B800528926 /* FGDrawingBoard */ = {
			isa = PBXGroup;
			children = (
				84F7D4021CE2D71E00528926 /* image */,
				84F7D4041CE2D99F00528926 /* cells */,
				84F7D4031CE2D98800528926 /* models */,
				84F7D3FB1CE2C23B00528926 /* 工具(tool) */,
				84F7D3FA1CE2C13900528926 /* 基本类(delegate) */,
				84F7D3FC1CE2C25900528926 /* 界面(viewController) */,
				84F7D3D01CE1C4B800528926 /* Main.storyboard */,
				84F7D3D31CE1C4B800528926 /* Assets.xcassets */,
				84F7D3D51CE1C4B800528926 /* LaunchScreen.storyboard */,
				84F7D3D81CE1C4B800528926 /* Info.plist */,
				84F7D3C71CE1C4B800528926 /* Supporting Files */,
			);
			path = FGDrawingBoard;
			sourceTree = "<group>";
		};
		84F7D3C71CE1C4B800528926 /* Supporting Files */ = {
			isa = PBXGroup;
			children = (
				84F7D3C81CE1C4B800528926 /* main.m */,
			);
			name = "Supporting Files";
			sourceTree = "<group>";
		};
		84F7D3E01CE1C4B800528926 /* FGDrawingBoardTests */ = {
			isa = PBXGroup;
			children = (
				84F7D3E11CE1C4B800528926 /* FGDrawingBoardTests.m */,
				84F7D3E31CE1C4B800528926 /* Info.plist */,
			);
			path = FGDrawingBoardTests;
			sourceTree = "<group>";
		};
		84F7D3EB1CE1C4B800528926 /* FGDrawingBoardUITests */ = {
			isa = PBXGroup;
			children = (
				84F7D3EC1CE1C4B800528926 /* FGDrawingBoardUITests.m */,
				84F7D3EE1CE1C4B800528926 /* Info.plist */,
			);
			path = FGDrawingBoardUITests;
			sourceTree = "<group>";
		};
		84F7D3FA1CE2C13900528926 /* 基本类(delegate) */ = {
			isa = PBXGroup;
			children = (
				84F7D3CA1CE1C4B800528926 /* AppDelegate.h */,
				84F7D3CB1CE1C4B800528926 /* AppDelegate.m */,
			);
			name = "基本类(delegate)";
			sourceTree = "<group>";
		};
		84F7D3FB1CE2C23B00528926 /* 工具(tool) */ = {
			isa = PBXGroup;
			children = (
				84D852561D1D0BAC00C27106 /* E_HUDView.h */,
				84D852571D1D0BAC00C27106 /* E_HUDView.m */,
				84D852321D1D082200C27106 /* Alldefined.h */,
				84D852331D1D082200C27106 /* FGColorSelectionButton.h */,
				84D852341D1D082200C27106 /* FGColorSelectionButton.m */,
				84D852351D1D082200C27106 /* FGColourView.h */,
				84D852361D1D082200C27106 /* FGColourView.m */,
				84D852371D1D082200C27106 /* FGConfigManager.h */,
				84D852381D1D082200C27106 /* FGConfigManager.m */,
				84D852391D1D082200C27106 /* FGInkLine.h */,
				84D8523A1D1D082200C27106 /* FGInkLine.m */,
				84D8523B1D1D082200C27106 /* FGNavigationItem.h */,
				84D8523C1D1D082200C27106 /* FGNavigationItem.m */,
				84D8523D1D1D082200C27106 /* FGPageNormalView.h */,
				84D8523E1D1D082200C27106 /* FGPageNormalView.m */,
				84D8523F1D1D082200C27106 /* FGScratchImageView.h */,
				84D852401D1D082200C27106 /* FGScratchImageView.m */,
				84D852411D1D082200C27106 /* FGScratchView.h */,
				84D852421D1D082200C27106 /* FGScratchView.m */,
				84D852431D1D082200C27106 /* FGTabbarView.h */,
				84D852441D1D082200C27106 /* FGTabbarView.m */,
			);
			name = "工具(tool)";
			sourceTree = "<group>";
		};
		84F7D3FC1CE2C25900528926 /* 界面(viewController) */ = {
			isa = PBXGroup;
			children = (
				84D852511D1D083700C27106 /* ViewController.h */,
				84D852521D1D083700C27106 /* ViewController.m */,
				84D8524E1D1D083700C27106 /* FGAboutViewController.h */,
				84D8524F1D1D083700C27106 /* FGAboutViewController.m */,
				84D852501D1D083700C27106 /* FGAboutViewController.xib */,
			);
			name = "界面(viewController)";
			sourceTree = "<group>";
		};
		84F7D4021CE2D71E00528926 /* image */ = {
			isa = PBXGroup;
			children = (
				84D851FA1D1D080700C27106 /* black_1.png */,
				84D851FB1D1D080700C27106 /* black.png */,
				84D851FC1D1D080700C27106 /* blue_1.png */,
				84D851FD1D1D080700C27106 /* blue.png */,
				84D851FE1D1D080700C27106 /* color_2.png */,
				84D851FF1D1D080700C27106 /* color_3.png */,
				84D852001D1D080700C27106 /* delete.png */,
				84D852011D1D080700C27106 /* eraser_1.png */,
				84D852021D1D080700C27106 /* eraser.png */,
				84D852031D1D080700C27106 /* ic_back_dark.png */,
				84D852041D1D080700C27106 /* icon_clear_press.png */,
				84D852051D1D080700C27106 /* icon_clear.png */,
				84D852061D1D080700C27106 /* icon_daxiao1_xuan.png */,
				84D852071D1D080700C27106 /* icon_daxiao1.png */,
				84D852081D1D080700C27106 /* icon_daxiao2_xuan.png */,
				84D852091D1D080700C27106 /* icon_daxiao2.png */,
				84D8520A1D1D080700C27106 /* icon_daxiao3_xuan.png */,
				84D8520B1D1D080700C27106 /* icon_daxiao3.png */,
				84D8520C1D1D080700C27106 /* icon_macaic_xuan.png */,
				84D8520D1D1D080700C27106 /* icon_macaic.png */,
				84D8520E1D1D080700C27106 /* icon_more.png */,
				84D8520F1D1D080700C27106 /* icon_save_press.png */,
				84D852101D1D080700C27106 /* icon_save.png */,
				84D852111D1D080700C27106 /* icon_shedingditu_press.png */,
				84D852121D1D080700C27106 /* icon_shedingditu.png */,
				84D852131D1D080700C27106 /* meather.jpeg */,
				84D852141D1D080700C27106 /* red_1.png */,
				84D852151D1D080700C27106 /* red.png */,
			);
			name = image;
			sourceTree = "<group>";
		};
		84F7D4031CE2D98800528926 /* models */ = {
			isa = PBXGroup;
			children = (
				84F7D4051CE2DB6700528926 /* FGButtonModel.h */,
				84F7D4061CE2DB6700528926 /* FGButtonModel.m */,
			);
			name = models;
			sourceTree = "<group>";
		};
		84F7D4041CE2D99F00528926 /* cells */ = {
			isa = PBXGroup;
			children = (
				84164A5C1FBDA524000C5667 /* FGView.h */,
				84164A5D1FBDA524000C5667 /* FGView.m */,
			);
			name = cells;
			sourceTree = "<group>";
		};
/* End PBXGroup section */

/* Begin PBXNativeTarget section */
		84F7D3C31CE1C4B800528926 /* FGDrawingBoard */ = {
			isa = PBXNativeTarget;
			buildConfigurationList = 84F7D3F11CE1C4B800528926 /* Build configuration list for PBXNativeTarget "FGDrawingBoard" */;
			buildPhases = (
				84F7D3C01CE1C4B800528926 /* Sources */,
				84F7D3C11CE1C4B800528926 /* Frameworks */,
				84F7D3C21CE1C4B800528926 /* Resources */,
			);
			buildRules = (
			);
			dependencies = (
			);
			name = FGDrawingBoard;
			productName = FGDrawingBoard;
			productReference = 84F7D3C41CE1C4B800528926 /* FGDrawingBoard.app */;
			productType = "com.apple.product-type.application";
		};
		84F7D3DC1CE1C4B800528926 /* FGDrawingBoardTests */ = {
			isa = PBXNativeTarget;
			buildConfigurationList = 84F7D3F41CE1C4B800528926 /* Build configuration list for PBXNativeTarget "FGDrawingBoardTests" */;
			buildPhases = (
				84F7D3D91CE1C4B800528926 /* Sources */,
				84F7D3DA1CE1C4B800528926 /* Frameworks */,
				84F7D3DB1CE1C4B800528926 /* Resources */,
			);
			buildRules = (
			);
			dependencies = (
				84F7D3DF1CE1C4B800528926 /* PBXTargetDependency */,
			);
			name = FGDrawingBoardTests;
			productName = FGDrawingBoardTests;
			productReference = 84F7D3DD1CE1C4B800528926 /* FGDrawingBoardTests.xctest */;
			productType = "com.apple.product-type.bundle.unit-test";
		};
		84F7D3E71CE1C4B800528926 /* FGDrawingBoardUITests */ = {
			isa = PBXNativeTarget;
			buildConfigurationList = 84F7D3F71CE1C4B800528926 /* Build configuration list for PBXNativeTarget "FGDrawingBoardUITests" */;
			buildPhases = (
				84F7D3E41CE1C4B800528926 /* Sources */,
				84F7D3E51CE1C4B800528926 /* Frameworks */,
				84F7D3E61CE1C4B800528926 /* Resources */,
			);
			buildRules = (
			);
			dependencies = (
				84F7D3EA1CE1C4B800528926 /* PBXTargetDependency */,
			);
			name = FGDrawingBoardUITests;
			productName = FGDrawingBoardUITests;
			productReference = 84F7D3E81CE1C4B800528926 /* FGDrawingBoardUITests.xctest */;
			productType = "com.apple.product-type.bundle.ui-testing";
		};
/* End PBXNativeTarget section */

/* Begin PBXProject section */
		84F7D3BC1CE1C4B800528926 /* Project object */ = {
			isa = PBXProject;
			attributes = {
				LastUpgradeCheck = 0730;
				ORGANIZATIONNAME = WangFangGe;
				TargetAttributes = {
					84F7D3C31CE1C4B800528926 = {
						CreatedOnToolsVersion = 7.3;
						DevelopmentTeam = 9RZG62CJSN;
					};
					84F7D3DC1CE1C4B800528926 = {
						CreatedOnToolsVersion = 7.3;
						TestTargetID = 84F7D3C31CE1C4B800528926;
					};
					84F7D3E71CE1C4B800528926 = {
						CreatedOnToolsVersion = 7.3;
						TestTargetID = 84F7D3C31CE1C4B800528926;
					};
				};
			};
			buildConfigurationList = 84F7D3BF1CE1C4B800528926 /* Build configuration list for PBXProject "FGDrawingBoard" */;
			compatibilityVersion = "Xcode 3.2";
			developmentRegion = English;
			hasScannedForEncodings = 0;
			knownRegions = (
				en,
				Base,
			);
			mainGroup = 84F7D3BB1CE1C4B800528926;
			productRefGroup = 84F7D3C51CE1C4B800528926 /* Products */;
			projectDirPath = "";
			projectRoot = "";
			targets = (
				84F7D3C31CE1C4B800528926 /* FGDrawingBoard */,
				84F7D3DC1CE1C4B800528926 /* FGDrawingBoardTests */,
				84F7D3E71CE1C4B800528926 /* FGDrawingBoardUITests */,
			);
		};
/* End PBXProject section */

/* Begin PBXResourcesBuildPhase section */
		84F7D3C21CE1C4B800528926 /* Resources */ = {
			isa = PBXResourcesBuildPhase;
			buildActionMask = 2147483647;
			files = (
				84D8522F1D1D080700C27106 /* meather.jpeg in Resources */,
				84D852211D1D080700C27106 /* icon_clear.png in Resources */,
				84D8521F1D1D080700C27106 /* ic_back_dark.png in Resources */,
				84D8521A1D1D080700C27106 /* color_2.png in Resources */,
				84D852161D1D080700C27106 /* black_1.png in Resources */,
				84F7D3D71CE1C4B800528926 /* LaunchScreen.storyboard in Resources */,
				84F7D3D41CE1C4B800528926 /* Assets.xcassets in Resources */,
				84D852241D1D080700C27106 /* icon_daxiao2_xuan.png in Resources */,
				84D852191D1D080700C27106 /* blue.png in Resources */,
				84D852271D1D080700C27106 /* icon_daxiao3.png in Resources */,
				84D8522A1D1D080700C27106 /* icon_more.png in Resources */,
				84D8521D1D1D080700C27106 /* eraser_1.png in Resources */,
				84D8521C1D1D080700C27106 /* delete.png in Resources */,
				84D8522E1D1D080700C27106 /* icon_shedingditu.png in Resources */,
				84D8521E1D1D080700C27106 /* eraser.png in Resources */,
				84F7D3D21CE1C4B800528926 /* Main.storyboard in Resources */,
				84D8521B1D1D080700C27106 /* color_3.png in Resources */,
				84D852541D1D083700C27106 /* FGAboutViewController.xib in Resources */,
				84D852301D1D080700C27106 /* red_1.png in Resources */,
				84D852201D1D080700C27106 /* icon_clear_press.png in Resources */,
				84D8522B1D1D080700C27106 /* icon_save_press.png in Resources */,
				84D852311D1D080700C27106 /* red.png in Resources */,
				84D852291D1D080700C27106 /* icon_macaic.png in Resources */,
				84D852251D1D080700C27106 /* icon_daxiao2.png in Resources */,
				84D852171D1D080700C27106 /* black.png in Resources */,
				84D8522C1D1D080700C27106 /* icon_save.png in Resources */,
				84D852181D1D080700C27106 /* blue_1.png in Resources */,
				84D852231D1D080700C27106 /* icon_daxiao1.png in Resources */,
				84D852281D1D080700C27106 /* icon_macaic_xuan.png in Resources */,
				84D8522D1D1D080700C27106 /* icon_shedingditu_press.png in Resources */,
				84D852221D1D080700C27106 /* icon_daxiao1_xuan.png in Resources */,
				84D852261D1D080700C27106 /* icon_daxiao3_xuan.png in Resources */,
			);
			runOnlyForDeploymentPostprocessing = 0;
		};
		84F7D3DB1CE1C4B800528926 /* Resources */ = {
			isa = PBXResourcesBuildPhase;
			buildActionMask = 2147483647;
			files = (
			);
			runOnlyForDeploymentPostprocessing = 0;
		};
		84F7D3E61CE1C4B800528926 /* Resources */ = {
			isa = PBXResourcesBuildPhase;
			buildActionMask = 2147483647;
			files = (
			);
			runOnlyForDeploymentPostprocessing = 0;
		};
/* End PBXResourcesBuildPhase section */

/* Begin PBXSourcesBuildPhase section */
		84F7D3C01CE1C4B800528926 /* Sources */ = {
			isa = PBXSourcesBuildPhase;
			buildActionMask = 2147483647;
			files = (
				84D852551D1D083700C27106 /* ViewController.m in Sources */,
				84D852451D1D082200C27106 /* FGColorSelectionButton.m in Sources */,
				84D8524B1D1D082200C27106 /* FGScratchImageView.m in Sources */,
				84D8524D1D1D082200C27106 /* FGTabbarView.m in Sources */,
				84D852471D1D082200C27106 /* FGConfigManager.m in Sources */,
				84D852581D1D0BAC00C27106 /* E_HUDView.m in Sources */,
				84F7D3CC1CE1C4B800528926 /* AppDelegate.m in Sources */,
				84F7D4071CE2DB6700528926 /* FGButtonModel.m in Sources */,
				84F7D3C91CE1C4B800528926 /* main.m in Sources */,
				84D8524A1D1D082200C27106 /* FGPageNormalView.m in Sources */,
				84D8524C1D1D082200C27106 /* FGScratchView.m in Sources */,
				84164A5E1FBDA524000C5667 /* FGView.m in Sources */,
				84D852461D1D082200C27106 /* FGColourView.m in Sources */,
				84D852491D1D082200C27106 /* FGNavigationItem.m in Sources */,
				84D852481D1D082200C27106 /* FGInkLine.m in Sources */,
				84D852531D1D083700C27106 /* FGAboutViewController.m in Sources */,
			);
			runOnlyForDeploymentPostprocessing = 0;
		};
		84F7D3D91CE1C4B800528926 /* Sources */ = {
			isa = PBXSourcesBuildPhase;
			buildActionMask = 2147483647;
			files = (
				84F7D3E21CE1C4B800528926 /* FGDrawingBoardTests.m in Sources */,
			);
			runOnlyForDeploymentPostprocessing = 0;
		};
		84F7D3E41CE1C4B800528926 /* Sources */ = {
			isa = PBXSourcesBuildPhase;
			buildActionMask = 2147483647;
			files = (
				84F7D3ED1CE1C4B800528926 /* FGDrawingBoardUITests.m in Sources */,
			);
			runOnlyForDeploymentPostprocessing = 0;
		};
/* End PBXSourcesBuildPhase section */

/* Begin PBXTargetDependency section */
		84F7D3DF1CE1C4B800528926 /* PBXTargetDependency */ = {
			isa = PBXTargetDependency;
			target = 84F7D3C31CE1C4B800528926 /* FGDrawingBoard */;
			targetProxy = 84F7D3DE1CE1C4B800528926 /* PBXContainerItemProxy */;
		};
		84F7D3EA1CE1C4B800528926 /* PBXTargetDependency */ = {
			isa = PBXTargetDependency;
			target = 84F7D3C31CE1C4B800528926 /* FGDrawingBoard */;
			targetProxy = 84F7D3E91CE1C4B800528926 /* PBXContainerItemProxy */;
		};
/* End PBXTargetDependency section */

/* Begin PBXVariantGroup section */
		84F7D3D01CE1C4B800528926 /* Main.storyboard */ = {
			isa = PBXVariantGroup;
			children = (
				84F7D3D11CE1C4B800528926 /* Base */,
			);
			name = Main.storyboard;
			sourceTree = "<group>";
		};
		84F7D3D51CE1C4B800528926 /* LaunchScreen.storyboard */ = {
			isa = PBXVariantGroup;
			children = (
				84F7D3D61CE1C4B800528926 /* Base */,
			);
			name = LaunchScreen.storyboard;
			sourceTree = "<group>";
		};
/* End PBXVariantGroup section */

/* Begin XCBuildConfiguration section */
		84F7D3EF1CE1C4B800528926 /* Debug */ = {
			isa = XCBuildConfiguration;
			buildSettings = {
				ALWAYS_SEARCH_USER_PATHS = NO;
				CLANG_ANALYZER_NONNULL = YES;
				CLANG_CXX_LANGUAGE_STANDARD = "gnu++0x";
				CLANG_CXX_LIBRARY = "libc++";
				CLANG_ENABLE_MODULES = YES;
				CLANG_ENABLE_OBJC_ARC = YES;
				CLANG_WARN_BOOL_CONVERSION = YES;
				CLANG_WARN_CONSTANT_CONVERSION = YES;
				CLANG_WARN_DIRECT_OBJC_ISA_USAGE = YES_ERROR;
				CLANG_WARN_EMPTY_BODY = YES;
				CLANG_WARN_ENUM_CONVERSION = YES;
				CLANG_WARN_INT_CONVERSION = YES;
				CLANG_WARN_OBJC_ROOT_CLASS = YES_ERROR;
				CLANG_WARN_UNREACHABLE_CODE = YES;
				CLANG_WARN__DUPLICATE_METHOD_MATCH = YES;
				"CODE_SIGN_IDENTITY[sdk=iphoneos*]" = "iPhone Developer";
				COPY_PHASE_STRIP = NO;
				DEBUG_INFORMATION_FORMAT = dwarf;
				ENABLE_STRICT_OBJC_MSGSEND = YES;
				ENABLE_TESTABILITY = YES;
				GCC_C_LANGUAGE_STANDARD = gnu99;
				GCC_DYNAMIC_NO_PIC = NO;
				GCC_NO_COMMON_BLOCKS = YES;
				GCC_OPTIMIZATION_LEVEL = 0;
				GCC_PREPROCESSOR_DEFINITIONS = (
					"DEBUG=1",
					"$(inherited)",
				);
				GCC_WARN_64_TO_32_BIT_CONVERSION = YES;
				GCC_WARN_ABOUT_RETURN_TYPE = YES_ERROR;
				GCC_WARN_UNDECLARED_SELECTOR = YES;
				GCC_WARN_UNINITIALIZED_AUTOS = YES_AGGRESSIVE;
				GCC_WARN_UNUSED_FUNCTION = YES;
				GCC_WARN_UNUSED_VARIABLE = YES;
				IPHONEOS_DEPLOYMENT_TARGET = 9.3;
				MTL_ENABLE_DEBUG_INFO = YES;
				ONLY_ACTIVE_ARCH = YES;
				SDKROOT = iphoneos;
				TARGETED_DEVICE_FAMILY = "1,2";
			};
			name = Debug;
		};
		84F7D3F01CE1C4B800528926 /* Release */ = {
			isa = XCBuildConfiguration;
			buildSettings = {
				ALWAYS_SEARCH_USER_PATHS = NO;
				CLANG_ANALYZER_NONNULL = YES;
				CLANG_CXX_LANGUAGE_STANDARD = "gnu++0x";
				CLANG_CXX_LIBRARY = "libc++";
				CLANG_ENABLE_MODULES = YES;
				CLANG_ENABLE_OBJC_ARC = YES;
				CLANG_WARN_BOOL_CONVERSION = YES;
				CLANG_WARN_CONSTANT_CONVERSION = YES;
				CLANG_WARN_DIRECT_OBJC_ISA_USAGE = YES_ERROR;
				CLANG_WARN_EMPTY_BODY = YES;
				CLANG_WARN_ENUM_CONVERSION = YES;
				CLANG_WARN_INT_CONVERSION = YES;
				CLANG_WARN_OBJC_ROOT_CLASS = YES_ERROR;
				CLANG_WARN_UNREACHABLE_CODE = YES;
				CLANG_WARN__DUPLICATE_METHOD_MATCH = YES;
				"CODE_SIGN_IDENTITY[sdk=iphoneos*]" = "iPhone Developer";
				COPY_PHASE_STRIP = NO;
				DEBUG_INFORMATION_FORMAT = "dwarf-with-dsym";
				ENABLE_NS_ASSERTIONS = NO;
				ENABLE_STRICT_OBJC_MSGSEND = YES;
				GCC_C_LANGUAGE_STANDARD = gnu99;
				GCC_NO_COMMON_BLOCKS = YES;
				GCC_WARN_64_TO_32_BIT_CONVERSION = YES;
				GCC_WARN_ABOUT_RETURN_TYPE = YES_ERROR;
				GCC_WARN_UNDECLARED_SELECTOR = YES;
				GCC_WARN_UNINITIALIZED_AUTOS = YES_AGGRESSIVE;
				GCC_WARN_UNUSED_FUNCTION = YES;
				GCC_WARN_UNUSED_VARIABLE = YES;
				IPHONEOS_DEPLOYMENT_TARGET = 9.3;
				MTL_ENABLE_DEBUG_INFO = NO;
				SDKROOT = iphoneos;
				TARGETED_DEVICE_FAMILY = "1,2";
				VALIDATE_PRODUCT = YES;
			};
			name = Release;
		};
		84F7D3F21CE1C4B800528926 /* Debug */ = {
			isa = XCBuildConfiguration;
			buildSettings = {
				ASSETCATALOG_COMPILER_APPICON_NAME = AppIcon;
				CODE_SIGN_IDENTITY = "iPhone Developer";
				"CODE_SIGN_IDENTITY[sdk=iphoneos*]" = "iPhone Developer";
				INFOPLIST_FILE = FGDrawingBoard/Info.plist;
				LD_RUNPATH_SEARCH_PATHS = "$(inherited) @executable_path/Frameworks";
				PRODUCT_BUNDLE_IDENTIFIER = com.chineseall.shreader.fg;
				PRODUCT_NAME = "$(TARGET_NAME)";
				PROVISIONING_PROFILE = "";
			};
			name = Debug;
		};
		84F7D3F31CE1C4B800528926 /* Release */ = {
			isa = XCBuildConfiguration;
			buildSettings = {
				ASSETCATALOG_COMPILER_APPICON_NAME = AppIcon;
				CODE_SIGN_IDENTITY = "iPhone Developer";
				"CODE_SIGN_IDENTITY[sdk=iphoneos*]" = "iPhone Developer";
				INFOPLIST_FILE = FGDrawingBoard/Info.plist;
				LD_RUNPATH_SEARCH_PATHS = "$(inherited) @executable_path/Frameworks";
				PRODUCT_BUNDLE_IDENTIFIER = com.chineseall.shreader.fg;
				PRODUCT_NAME = "$(TARGET_NAME)";
				PROVISIONING_PROFILE = "";
			};
			name = Release;
		};
		84F7D3F51CE1C4B800528926 /* Debug */ = {
			isa = XCBuildConfiguration;
			buildSettings = {
				BUNDLE_LOADER = "$(TEST_HOST)";
				INFOPLIST_FILE = FGDrawingBoardTests/Info.plist;
				LD_RUNPATH_SEARCH_PATHS = "$(inherited) @executable_path/Frameworks @loader_path/Frameworks";
				PRODUCT_BUNDLE_IDENTIFIER = chineseAll.FGDrawingBoardTests;
				PRODUCT_NAME = "$(TARGET_NAME)";
				TEST_HOST = "$(BUILT_PRODUCTS_DIR)/FGDrawingBoard.app/FGDrawingBoard";
			};
			name = Debug;
		};
		84F7D3F61CE1C4B800528926 /* Release */ = {
			isa = XCBuildConfiguration;
			buildSettings = {
				BUNDLE_LOADER = "$(TEST_HOST)";
				INFOPLIST_FILE = FGDrawingBoardTests/Info.plist;
				LD_RUNPATH_SEARCH_PATHS = "$(inherited) @executable_path/Frameworks @loader_path/Frameworks";
				PRODUCT_BUNDLE_IDENTIFIER = chineseAll.FGDrawingBoardTests;
				PRODUCT_NAME = "$(TARGET_NAME)";
				TEST_HOST = "$(BUILT_PRODUCTS_DIR)/FGDrawingBoard.app/FGDrawingBoard";
			};
			name = Release;
		};
		84F7D3F81CE1C4B800528926 /* Debug */ = {
			isa = XCBuildConfiguration;
			buildSettings = {
				INFOPLIST_FILE = FGDrawingBoardUITests/Info.plist;
				LD_RUNPATH_SEARCH_PATHS = "$(inherited) @executable_path/Frameworks @loader_path/Frameworks";
				PRODUCT_BUNDLE_IDENTIFIER = chineseAll.FGDrawingBoardUITests;
				PRODUCT_NAME = "$(TARGET_NAME)";
				TEST_TARGET_NAME = FGDrawingBoard;
			};
			name = Debug;
		};
		84F7D3F91CE1C4B800528926 /* Release */ = {
			isa = XCBuildConfiguration;
			buildSettings = {
				INFOPLIST_FILE = FGDrawingBoardUITests/Info.plist;
				LD_RUNPATH_SEARCH_PATHS = "$(inherited) @executable_path/Frameworks @loader_path/Frameworks";
				PRODUCT_BUNDLE_IDENTIFIER = chineseAll.FGDrawingBoardUITests;
				PRODUCT_NAME = "$(TARGET_NAME)";
				TEST_TARGET_NAME = FGDrawingBoard;
			};
			name = Release;
		};
/* End XCBuildConfiguration section */

/* Begin XCConfigurationList section */
		84F7D3BF1CE1C4B800528926 /* Build configuration list for PBXProject "FGDrawingBoard" */ = {
			isa = XCConfigurationList;
			buildConfigurations = (
				84F7D3EF1CE1C4B800528926 /* Debug */,
				84F7D3F01CE1C4B800528926 /* Release */,
			);
			defaultConfigurationIsVisible = 0;
			defaultConfigurationName = Release;
		};
		84F7D3F11CE1C4B800528926 /* Build configuration list for PBXNativeTarget "FGDrawingBoard" */ = {
			isa = XCConfigurationList;
			buildConfigurations = (
				84F7D3F21CE1C4B800528926 /* Debug */,
				84F7D3F31CE1C4B800528926 /* Release */,
			);
			defaultConfigurationIsVisible = 0;
			defaultConfigurationName = Release;
		};
		84F7D3F41CE1C4B800528926 /* Build configuration list for PBXNativeTarget "FGDrawingBoardTests" */ = {
			isa = XCConfigurationList;
			buildConfigurations = (
				84F7D3F51CE1C4B800528926 /* Debug */,
				84F7D3F61CE1C4B800528926 /* Release */,
			);
			defaultConfigurationIsVisible = 0;
			defaultConfigurationName = Release;
		};
		84F7D3F71CE1C4B800528926 /* Build configuration list for PBXNativeTarget "FGDrawingBoardUITests" */ = {
			isa = XCConfigurationList;
			buildConfigurations = (
				84F7D3F81CE1C4B800528926 /* Debug */,
				84F7D3F91CE1C4B800528926 /* Release */,
			);
			defaultConfigurationIsVisible = 0;
			defaultConfigurationName = Release;
		};
/* End XCConfigurationList section */
	};
	rootObject = 84F7D3BC1CE1C4B800528926 /* Project object */;
}
